
Microsoft Visual Studio Solution File, Format Version 12.00
Project("{2150E333-8FDC-42A3-9474-1A3956D46DE8}") = "ShopManagement", "ShopManagement", "{FFAAA60E-8821-4538-9910-327213D9B980}"
EndProject
Project("{2150E333-8FDC-42A3-9474-1A3956D46DE8}") = "SM.Domain", "SM.Domain", "{741420E1-C378-4F12-9E7F-BEB3B6480702}"
EndProject
Project("{FAE04EC0-301F-11D3-BF4B-00C04F79EFBC}") = "ShopManagement.Domain", "ShopManagement.Domain\ShopManagement.Domain.csproj", "{A3B038BA-50E0-4FD9-9E5E-F83CC2B64BCF}"
EndProject
Project("{FAE04EC0-301F-11D3-BF4B-00C04F79EFBC}") = "0_Framework", "0_Framework\0_Framework.csproj", "{31EBB9B1-BB37-4041-BA53-C9A48809A885}"
EndProject
Project("{2150E333-8FDC-42A3-9474-1A3956D46DE8}") = "SM.Application", "SM.Application", "{AA45BB04-1F55-440A-B5B6-8A8408CDABD9}"
EndProject
Project("{FAE04EC0-301F-11D3-BF4B-00C04F79EFBC}") = "ShopManagement.Application.Contracts", "ShopManagement.Application.Contracts\ShopManagement.Application.Contracts.csproj", "{7A06933E-F831-478C-A311-55F9343C6845}"
EndProject
Project("{FAE04EC0-301F-11D3-BF4B-00C04F79EFBC}") = "ShopManagement.Application", "ShopManagement.Application\ShopManagement.Application.csproj", "{1CC24A91-D29C-4146-9C9A-5C9C2C576CCF}"
EndProject
Project("{2150E333-8FDC-42A3-9474-1A3956D46DE8}") = "SM.Infrastructure", "SM.Infrastructure", "{85E71A3A-85D0-4792-A517-F5D5C708BBA0}"
EndProject
Project("{FAE04EC0-301F-11D3-BF4B-00C04F79EFBC}") = "ShopManagement.Infrastructure.EFCore", "ShopManagement.Infrastructure.EFCore\ShopManagement.Infrastructure.EFCore.csproj", "{C571A4BD-CCFF-4ACB-83BD-29F028A2875F}"
EndProject
Global
	GlobalSection(SolutionConfigurationPlatforms) = preSolution
		Debug|Any CPU = Debug|Any CPU
		Release|Any CPU = Release|Any CPU
	EndGlobalSection
	GlobalSection(NestedProjects) = preSolution
		{741420E1-C378-4F12-9E7F-BEB3B6480702} = {FFAAA60E-8821-4538-9910-327213D9B980}
		{A3B038BA-50E0-4FD9-9E5E-F83CC2B64BCF} = {741420E1-C378-4F12-9E7F-BEB3B6480702}
		{AA45BB04-1F55-440A-B5B6-8A8408CDABD9} = {FFAAA60E-8821-4538-9910-327213D9B980}
		{7A06933E-F831-478C-A311-55F9343C6845} = {AA45BB04-1F55-440A-B5B6-8A8408CDABD9}
		{1CC24A91-D29C-4146-9C9A-5C9C2C576CCF} = {AA45BB04-1F55-440A-B5B6-8A8408CDABD9}
		{85E71A3A-85D0-4792-A517-F5D5C708BBA0} = {FFAAA60E-8821-4538-9910-327213D9B980}
		{C571A4BD-CCFF-4ACB-83BD-29F028A2875F} = {85E71A3A-85D0-4792-A517-F5D5C708BBA0}
	EndGlobalSection
	GlobalSection(ProjectConfigurationPlatforms) = postSolution
		{A3B038BA-50E0-4FD9-9E5E-F83CC2B64BCF}.Debug|Any CPU.ActiveCfg = Debug|Any CPU
		{A3B038BA-50E0-4FD9-9E5E-F83CC2B64BCF}.Debug|Any CPU.Build.0 = Debug|Any CPU
		{A3B038BA-50E0-4FD9-9E5E-F83CC2B64BCF}.Release|Any CPU.ActiveCfg = Release|Any CPU
		{A3B038BA-50E0-4FD9-9E5E-F83CC2B64BCF}.Release|Any CPU.Build.0 = Release|Any CPU
		{31EBB9B1-BB37-4041-BA53-C9A48809A885}.Debug|Any CPU.ActiveCfg = Debug|Any CPU
		{31EBB9B1-BB37-4041-BA53-C9A48809A885}.Debug|Any CPU.Build.0 = Debug|Any CPU
		{31EBB9B1-BB37-4041-BA53-C9A48809A885}.Release|Any CPU.ActiveCfg = Release|Any CPU
		{31EBB9B1-BB37-4041-BA53-C9A48809A885}.Release|Any CPU.Build.0 = Release|Any CPU
		{7A06933E-F831-478C-A311-55F9343C6845}.Debug|Any CPU.ActiveCfg = Debug|Any CPU
		{7A06933E-F831-478C-A311-55F9343C6845}.Debug|Any CPU.Build.0 = Debug|Any CPU
		{7A06933E-F831-478C-A311-55F9343C6845}.Release|Any CPU.ActiveCfg = Release|Any CPU
		{7A06933E-F831-478C-A311-55F9343C6845}.Release|Any CPU.Build.0 = Release|Any CPU
		{1CC24A91-D29C-4146-9C9A-5C9C2C576CCF}.Debug|Any CPU.ActiveCfg = Debug|Any CPU
		{1CC24A91-D29C-4146-9C9A-5C9C2C576CCF}.Debug|Any CPU.Build.0 = Debug|Any CPU
		{1CC24A91-D29C-4146-9C9A-5C9C2C576CCF}.Release|Any CPU.ActiveCfg = Release|Any CPU
		{1CC24A91-D29C-4146-9C9A-5C9C2C576CCF}.Release|Any CPU.Build.0 = Release|Any CPU
		{C571A4BD-CCFF-4ACB-83BD-29F028A2875F}.Debug|Any CPU.ActiveCfg = Debug|Any CPU
		{C571A4BD-CCFF-4ACB-83BD-29F028A2875F}.Debug|Any CPU.Build.0 = Debug|Any CPU
		{C571A4BD-CCFF-4ACB-83BD-29F028A2875F}.Release|Any CPU.ActiveCfg = Release|Any CPU
		{C571A4BD-CCFF-4ACB-83BD-29F028A2875F}.Release|Any CPU.Build.0 = Release|Any CPU
	EndGlobalSection
EndGlobal
